
Microsoft Visual Studio Solution File, Format Version 12.00
# Visual Studio Version 17
VisualStudioVersion = 17.2.32616.157
MinimumVisualStudioVersion = 10.0.40219.1
Project("{FAE04EC0-301F-11D3-BF4B-00C04F79EFBC}") = "CyberSales", "CyberSales\CyberSales.csproj", "{B522B8F3-8939-4C62-BC6F-E3574A731874}"
EndProject
Global
	GlobalSection(SolutionConfigurationPlatforms) = preSolution
		Debug|Any CPU = Debug|Any CPU
		Release|Any CPU = Release|Any CPU
	EndGlobalSection
	GlobalSection(ProjectConfigurationPlatforms) = postSolution
		{B522B8F3-8939-4C62-BC6F-E3574A731874}.Debug|Any CPU.ActiveCfg = Debug|Any CPU
		{B522B8F3-8939-4C62-BC6F-E3574A731874}.Debug|Any CPU.Build.0 = Debug|Any CPU
		{B522B8F3-8939-4C62-BC6F-E3574A731874}.Release|Any CPU.ActiveCfg = Release|Any CPU
		{B522B8F3-8939-4C62-BC6F-E3574A731874}.Release|Any CPU.Build.0 = Release|Any CPU
	EndGlobalSection
	GlobalSection(SolutionProperties) = preSolution
		HideSolutionNode = FALSE
	EndGlobalSection
	GlobalSection(ExtensibilityGlobals) = postSolution
		SolutionGuid = {500F25A6-C0F8-4031-9B8A-85ECDD7FF9D4}
	EndGlobalSection
EndGlobal
